{
  "name": "oracle-nosql-client",
  "lockfileVersion": 3,
  "requires": true,
  "packages": {
    "": {
      "dependencies": {
        "oracle-nosqldb": "5.5.3"
      }
    },
    "node_modules/oracle-nosqldb": {
      "version": "5.5.3",
      "resolved": "https://registry.npmjs.org/oracle-nosqldb/-/oracle-nosqldb-5.5.3.tgz",
      "integrity": "sha512-FXd6TAefljyNOX6kJ0sO6OYjL9chf+y7coTkh1Hcw7OdqN+926eioDaH6628m6y3jMnOvvfNPRwkM+KUaPJJDQ==",
      "license": "UPL-1.0",
      "engines": {
        "node": ">=12.0.0"
      }
    }
  }
}
